
Microsoft Visual Studio Solution File, Format Version 12.00
# Visual Studio Version 17
VisualStudioVersion = 17.8.34316.72
MinimumVisualStudioVersion = 10.0.40219.1
Project("{FAE04EC0-301F-11D3-BF4B-00C04F79EFBC}") = "Crosshairs", "Crosshairs.csproj", "{C00EBEE4-4BCD-48AD-9ED0-E5018D5B9185}"
EndProject
Global
	GlobalSection(SolutionConfigurationPlatforms) = preSolution
		Debug|Any CPU = Debug|Any CPU
		Release|Any CPU = Release|Any CPU
	EndGlobalSection
	GlobalSection(ProjectConfigurationPlatforms) = postSolution
		{C00EBEE4-4BCD-48AD-9ED0-E5018D5B9185}.Debug|Any CPU.ActiveCfg = Debug|Any CPU
		{C00EBEE4-4BCD-48AD-9ED0-E5018D5B9185}.Debug|Any CPU.Build.0 = Debug|Any CPU
		{C00EBEE4-4BCD-48AD-9ED0-E5018D5B9185}.Release|Any CPU.ActiveCfg = Release|Any CPU
		{C00EBEE4-4BCD-48AD-9ED0-E5018D5B9185}.Release|Any CPU.Build.0 = Release|Any CPU
	EndGlobalSection
	GlobalSection(SolutionProperties) = preSolution
		HideSolutionNode = FALSE
	EndGlobalSection
	GlobalSection(ExtensibilityGlobals) = postSolution
		SolutionGuid = {F5066798-449F-4503-979A-03692CEE2134}
	EndGlobalSection
EndGlobal
